
Microsoft Visual Studio Solution File, Format Version 12.00
# Visual Studio 2013
VisualStudioVersion = 12.0.30723.0
MinimumVisualStudioVersion = 10.0.40219.1
Project("{FAE04EC0-301F-11D3-BF4B-00C04F79EFBC}") = "MyLibrary", "MyLibrary\MyLibrary.csproj", "{FB0A54AB-70B7-405B-B347-A58BC62EBC24}"
EndProject
Project("{FAE04EC0-301F-11D3-BF4B-00C04F79EFBC}") = "MyLibrary.Web", "MyLibrary.Web\MyLibrary.Web.csproj", "{409EFDCF-BFA4-491B-96E4-DAF7A0FF222A}"
EndProject
Global
	GlobalSection(SolutionConfigurationPlatforms) = preSolution
		Debug|Any CPU = Debug|Any CPU
		Release|Any CPU = Release|Any CPU
	EndGlobalSection
	GlobalSection(ProjectConfigurationPlatforms) = postSolution
		{FB0A54AB-70B7-405B-B347-A58BC62EBC24}.Debug|Any CPU.ActiveCfg = Debug|Any CPU
		{FB0A54AB-70B7-405B-B347-A58BC62EBC24}.Debug|Any CPU.Build.0 = Debug|Any CPU
		{FB0A54AB-70B7-405B-B347-A58BC62EBC24}.Release|Any CPU.ActiveCfg = Release|Any CPU
		{FB0A54AB-70B7-405B-B347-A58BC62EBC24}.Release|Any CPU.Build.0 = Release|Any CPU
		{409EFDCF-BFA4-491B-96E4-DAF7A0FF222A}.Debug|Any CPU.ActiveCfg = Debug|Any CPU
		{409EFDCF-BFA4-491B-96E4-DAF7A0FF222A}.Debug|Any CPU.Build.0 = Debug|Any CPU
		{409EFDCF-BFA4-491B-96E4-DAF7A0FF222A}.Release|Any CPU.ActiveCfg = Release|Any CPU
		{409EFDCF-BFA4-491B-96E4-DAF7A0FF222A}.Release|Any CPU.Build.0 = Release|Any CPU
	EndGlobalSection
	GlobalSection(SolutionProperties) = preSolution
		HideSolutionNode = FALSE
	EndGlobalSection
EndGlobal
